<?xml version="1.0" encoding="utf-8"?>
<Project ToolsVersion="4.0" xmlns="http://schemas.microsoft.com/developer/msbuild/2003">
  <ItemGroup>
    <Filter Include="Source Files">
      <UniqueIdentifier>{4FC737F1-C7A5-4376-A066-2A32D752A2FF}</UniqueIdentifier>
      <Extensions>cpp;c;cxx;def;odl;idl;hpj;bat;asm;asmx</Extensions>
    </Filter>
    <Filter Include="Source Files\MFC">
      <UniqueIdentifier>{d91d8c77-16f3-45ee-8e69-0189277b1973}</UniqueIdentifier>
    </Filter>
    <Filter Include="Source Files\Bootloader">
      <UniqueIdentifier>{9bcb95dd-5911-4d93-b805-b885a14f6ab6}</UniqueIdentifier>
    </Filter>
    <Filter Include="Header Files">
      <UniqueIdentifier>{93995380-89BD-4b04-88EB-625FBE52EBFB}</UniqueIdentifier>
      <Extensions>h;hpp;hxx;hm;inl;inc;xsd</Extensions>
    </Filter>
    <Filter Include="Header Files\MFC">
      <UniqueIdentifier>{ae17375b-a867-4aee-a39f-084d35a42649}</UniqueIdentifier>
    </Filter>
    <Filter Include="Header Files\Bootloader">
      <UniqueIdentifier>{be76b352-fb5b-43f0-a2d9-c4cb848763cf}</UniqueIdentifier>
    </Filter>
    <Filter Include="Resource Files">
      <UniqueIdentifier>{67DA6AB6-F800-4c08-8B7A-83BB121AAD01}</UniqueIdentifier>
      <Extensions>rc;ico;cur;bmp;dlg;rc2;rct;bin;rgs;gif;jpg;jpeg;jpe;resx</Extensions>
    </Filter>
  </ItemGroup>
  <ItemGroup>
    <ClCompile Include="pc_loader.cpp">
      <Filter>Source Files\MFC</Filter>
    </ClCompile>
    <ClCompile Include="pc_loaderDlg.cpp">
      <Filter>Source Files\MFC</Filter>
    </ClCompile>
    <ClCompile Include="stdafx.cpp">
      <Filter>Source Files\MFC</Filter>
    </ClCompile>
    <ClCompile Include="BootLoader.cpp">
      <Filter>Source Files\Bootloader</Filter>
    </ClCompile>
    <ClCompile Include="ComPort.cpp">
      <Filter>Source Files\Bootloader</Filter>
    </ClCompile>
    <ClCompile Include="Ethernet.cpp">
      <Filter>Source Files\Bootloader</Filter>
    </ClCompile>
    <ClCompile Include="Hex.cpp">
      <Filter>Source Files\Bootloader</Filter>
    </ClCompile>
    <ClCompile Include="USB_HID.cpp">
      <Filter>Source Files\Bootloader</Filter>
    </ClCompile>
  </ItemGroup>
  <ItemGroup>
    <ClInclude Include="pc_loader.h">
      <Filter>Header Files\MFC</Filter>
    </ClInclude>
    <ClInclude Include="pc_loaderDlg.h">
      <Filter>Header Files\MFC</Filter>
    </ClInclude>
    <ClInclude Include="Resource.h">
      <Filter>Header Files\MFC</Filter>
    </ClInclude>
    <ClInclude Include="stdafx.h">
      <Filter>Header Files\MFC</Filter>
    </ClInclude>
    <ClInclude Include="BootLoader.h">
      <Filter>Header Files\Bootloader</Filter>
    </ClInclude>
    <ClInclude Include="ComPort.h">
      <Filter>Header Files\Bootloader</Filter>
    </ClInclude>
    <ClInclude Include="Ethernet.h">
      <Filter>Header Files\Bootloader</Filter>
    </ClInclude>
    <ClInclude Include="Hex.h">
      <Filter>Header Files\Bootloader</Filter>
    </ClInclude>
    <ClInclude Include="USB_HID.h">
      <Filter>Header Files\Bootloader</Filter>
    </ClInclude>
  </ItemGroup>
  <ItemGroup>
    <Image Include="res\icon1.ico">
      <Filter>Resource Files</Filter>
    </Image>
    <Image Include="res\pc_loader.ico">
      <Filter>Resource Files</Filter>
    </Image>
    <Image Include="res\PIC32UBL.ico">
      <Filter>Resource Files</Filter>
    </Image>
  </ItemGroup>
  <ItemGroup>
    <ResourceCompile Include="pc_loader.rc">
      <Filter>Resource Files</Filter>
    </ResourceCompile>
  </ItemGroup>
  <ItemGroup>
    <None Include="res\pc_loader.rc2">
      <Filter>Resource Files</Filter>
    </None>
  </ItemGroup>
  <ItemGroup>
    <Manifest Include="res\pc_loader.manifest" />
  </ItemGroup>
  <ItemGroup>
    <Text Include="ReadMe.txt" />
  </ItemGroup>
</Project>